{
  "name": "typescript-assignments-questions",
  "version": "1.0.0",
  "lockfileVersion": 3,
  "requires": true,
  "packages": {
    "": {
      "name": "typescript-assignments-questions",
      "version": "1.0.0",
      "license": "ISC",
      "dependencies": {
        "ion": "^1.0.1",
        "react": "^18.2.0"
      }
    },
    "node_modules/coffeescript": {
      "version": "2.2.4",
      "resolved": "https://registry.npmjs.org/coffeescript/-/coffeescript-2.2.4.tgz",
      "integrity": "sha512-YNi3ksTEP8AQBMlwx4TjrcSX7BMKDFaKR0czMhEIUuT8Qz3anwgYucWSYtSMX0QKxAurqq4p7annrHT5qXMaqA==",
      "bin": {
        "cake": "bin/cake",
        "coffee": "bin/coffee"
      },
      "engines": {
        "node": ">=6"
      }
    },
    "node_modules/esprima": {
      "version": "1.1.1",
      "resolved": "https://registry.npmjs.org/esprima/-/esprima-1.1.1.tgz",
      "integrity": "sha512-qxxB994/7NtERxgXdFgLHIs9M6bhLXc6qtUmWZ3L8+gTQ9qaoyki2887P2IqAYsoENyr8SUbTutStDniOHSDHg==",
      "bin": {
        "esparse": "bin/esparse.js",
        "esvalidate": "bin/esvalidate.js"
      },
      "engines": {
        "node": ">=0.4.0"
      }
    },
    "node_modules/ion": {
      "version": "1.0.1",
      "resolved": "https://registry.npmjs.org/ion/-/ion-1.0.1.tgz",
      "integrity": "sha512-YqRwSeiiXYLNPkcb558jtYdXVMGcu5uElikAD1I+Dw83iykoiPJE1oA0ZQDJQm2OPxMBtQWmsF1FzOEjbVF0cg==",
      "dependencies": {
        "coffeescript": "2.2.x",
        "esprima": "1.1.x",
        "pegjs": "0.8.x",
        "source-map": "^0.7.2",
        "uglify-js": "^3.3.26"
      },
      "bin": {
        "ion": "bin/ion.js"
      }
    },
    "node_modules/js-tokens": {
      "version": "4.0.0",
      "resolved": "https://registry.npmjs.org/js-tokens/-/js-tokens-4.0.0.tgz",
      "integrity": "sha512-RdJUflcE3cUzKiMqQgsCu06FPu9UdIJO0beYbPhHN4k6apgJtifcoCtT9bcxOpYBtpD2kCM6Sbzg4CausW/PKQ=="
    },
    "node_modules/loose-envify": {
      "version": "1.4.0",
      "resolved": "https://registry.npmjs.org/loose-envify/-/loose-envify-1.4.0.tgz",
      "integrity": "sha512-lyuxPGr/Wfhrlem2CL/UcnUc1zcqKAImBDzukY7Y5F/yQiNdko6+fRLevlw1HgMySw7f611UIY408EtxRSoK3Q==",
      "dependencies": {
        "js-tokens": "^3.0.0 || ^4.0.0"
      },
      "bin": {
        "loose-envify": "cli.js"
      }
    },
    "node_modules/pegjs": {
      "version": "0.8.0",
      "resolved": "https://registry.npmjs.org/pegjs/-/pegjs-0.8.0.tgz",
      "integrity": "sha512-GtAFD5WLxE0LjyhlpKwAnbi3NLJDrYsOvil95UCUQ6pzxlUtUGP/k0FnKGypTpM1WWdmoclfXb0dmMd5UUDkvA==",
      "bin": {
        "pegjs": "bin/pegjs"
      },
      "engines": {
        "node": ">= 0.8"
      }
    },
    "node_modules/react": {
      "version": "18.2.0",
      "resolved": "https://registry.npmjs.org/react/-/react-18.2.0.tgz",
      "integrity": "sha512-/3IjMdb2L9QbBdWiW5e3P2/npwMBaU9mHCSCUzNln0ZCYbcfTsGbTJrU/kGemdH2IWmB2ioZ+zkxtmq6g09fGQ==",
      "dependencies": {
        "loose-envify": "^1.1.0"
      },
      "engines": {
        "node": ">=0.10.0"
      }
    },
    "node_modules/source-map": {
      "version": "0.7.4",
      "resolved": "https://registry.npmjs.org/source-map/-/source-map-0.7.4.tgz",
      "integrity": "sha512-l3BikUxvPOcn5E74dZiq5BGsTb5yEwhaTSzccU6t4sDOH8NWJCstKO5QT2CvtFoK6F0saL7p9xHAqHOlCPJygA==",
      "engines": {
        "node": ">= 8"
      }
    },
    "node_modules/uglify-js": {
      "version": "3.17.4",
      "resolved": "https://registry.npmjs.org/uglify-js/-/uglify-js-3.17.4.tgz",
      "integrity": "sha512-T9q82TJI9e/C1TAxYvfb16xO120tMVFZrGA3f9/P4424DNu6ypK103y0GPFVa17yotwSyZW5iYXgjYHkGrJW/g==",
      "bin": {
        "uglifyjs": "bin/uglifyjs"
      },
      "engines": {
        "node": ">=0.8.0"
      }
    }
  }
}
